// !$*UTF8*$!
{
	archiveVersion = 1;
	classes = {
	};
	objectVersion = 46;
	objects = {

/* Begin PBXBuildFile section */
		67DDF0A51CED4AB200742F7C /* AppDelegate.swift in Sources */ = {isa = PBXBuildFile; fileRef = 67DDF0A41CED4AB200742F7C /* AppDelegate.swift */; };
		67DDF0A71CED4AB200742F7C /* ViewController.swift in Sources */ = {isa = PBXBuildFile; fileRef = 67DDF0A61CED4AB200742F7C /* ViewController.swift */; };
		67DDF0AC1CED4AB200742F7C /* Assets.xcassets in Resources */ = {isa = PBXBuildFile; fileRef = 67DDF0AB1CED4AB200742F7C /* Assets.xcassets */; };
		67DDF0AF1CED4AB200742F7C /* LaunchScreen.storyboard in Resources */ = {isa = PBXBuildFile; fileRef = 67DDF0AD1CED4AB200742F7C /* LaunchScreen.storyboard */; };
		67DDF0B71CED4B7E00742F7C /* CircleSlider.swift in Sources */ = {isa = PBXBuildFile; fileRef = 67DDF0B61CED4B7E00742F7C /* CircleSlider.swift */; };
/* End PBXBuildFile section */

/* Begin PBXFileReference section */
		67DDF0A11CED4AB100742F7C /* CircleSliderDemo.app */ = {isa = PBXFileReference; explicitFileType = wrapper.application; includeInIndex = 0; path = CircleSliderDemo.app; sourceTree = BUILT_PRODUCTS_DIR; };
		67DDF0A41CED4AB200742F7C /* AppDelegate.swift */ = {isa = PBXFileReference; lastKnownFileType = sourcecode.swift; path = AppDelegate.swift; sourceTree = "<group>"; };
		67DDF0A61CED4AB200742F7C /* ViewController.swift */ = {isa = PBXFileReference; lastKnownFileType = sourcecode.swift; path = ViewController.swift; sourceTree = "<group>"; };
		67DDF0AB1CED4AB200742F7C /* Assets.xcassets */ = {isa = PBXFileReference; lastKnownFileType = folder.assetcatalog; path = Assets.xcassets; sourceTree = "<group>"; };
		67DDF0AE1CED4AB200742F7C /* Base */ = {isa = PBXFileReference; lastKnownFileType = file.storyboard; name = Base; path = Base.lproj/LaunchScreen.storyboard; sourceTree = "<group>"; };
		67DDF0B01CED4AB200742F7C /* Info.plist */ = {isa = PBXFileReference; lastKnownFileType = text.plist.xml; path = Info.plist; sourceTree = "<group>"; };
		67DDF0B61CED4B7E00742F7C /* CircleSlider.swift */ = {isa = PBXFileReference; fileEncoding = 4; lastKnownFileType = sourcecode.swift; path = CircleSlider.swift; sourceTree = "<group>"; };
/* End PBXFileReference section */

/* Begin PBXFrameworksBuildPhase section */
		67DDF09E1CED4AB100742F7C /* Frameworks */ = {
			isa = PBXFrameworksBuildPhase;
			buildActionMask = 2147483647;
			files = (
			);
			runOnlyForDeploymentPostprocessing = 0;
		};
/* End PBXFrameworksBuildPhase section */

/* Begin PBXGroup section */
		67DDF0981CED4AB100742F7C = {
			isa = PBXGroup;
			children = (
				67DDF0A31CED4AB200742F7C /* CircleSliderDemo */,
				67DDF0A21CED4AB100742F7C /* Products */,
			);
			sourceTree = "<group>";
		};
		67DDF0A21CED4AB100742F7C /* Products */ = {
			isa = PBXGroup;
			children = (
				67DDF0A11CED4AB100742F7C /* CircleSliderDemo.app */,
			);
			name = Products;
			sourceTree = "<group>";
		};
		67DDF0A31CED4AB200742F7C /* CircleSliderDemo */ = {
			isa = PBXGroup;
			children = (
				67DDF0A41CED4AB200742F7C /* AppDelegate.swift */,
				67DDF0B61CED4B7E00742F7C /* CircleSlider.swift */,
				67DDF0A61CED4AB200742F7C /* ViewController.swift */,
				67DDF0AB1CED4AB200742F7C /* Assets.xcassets */,
				67DDF0AD1CED4AB200742F7C /* LaunchScreen.storyboard */,
				67DDF0B01CED4AB200742F7C /* Info.plist */,
			);
			path = CircleSliderDemo;
			sourceTree = "<group>";
		};
/* End PBXGroup section */

/* Begin PBXNativeTarget section */
		67DDF0A01CED4AB100742F7C /* CircleSliderDemo */ = {
			isa = PBXNativeTarget;
			buildConfigurationList = 67DDF0B31CED4AB200742F7C /* Build configuration list for PBXNativeTarget "CircleSliderDemo" */;
			buildPhases = (
				67DDF09D1CED4AB100742F7C /* Sources */,
				67DDF09E1CED4AB100742F7C /* Frameworks */,
				67DDF09F1CED4AB100742F7C /* Resources */,
			);
			buildRules = (
			);
			dependencies = (
			);
			name = CircleSliderDemo;
			productName = CircleSliderDemo;
			productReference = 67DDF0A11CED4AB100742F7C /* CircleSliderDemo.app */;
			productType = "com.apple.product-type.application";
		};
/* End PBXNativeTarget section */

/* Begin PBXProject section */
		67DDF0991CED4AB100742F7C /* Project object */ = {
			isa = PBXProject;
			attributes = {
				LastSwiftUpdateCheck = 0730;
				LastUpgradeCheck = 0730;
				ORGANIZATIONNAME = nichrago;
				TargetAttributes = {
					67DDF0A01CED4AB100742F7C = {
						CreatedOnToolsVersion = 7.3;
					};
				};
			};
			buildConfigurationList = 67DDF09C1CED4AB100742F7C /* Build configuration list for PBXProject "CircleSliderDemo" */;
			compatibilityVersion = "Xcode 3.2";
			developmentRegion = English;
			hasScannedForEncodings = 0;
			knownRegions = (
				en,
				Base,
			);
			mainGroup = 67DDF0981CED4AB100742F7C;
			productRefGroup = 67DDF0A21CED4AB100742F7C /* Products */;
			projectDirPath = "";
			projectRoot = "";
			targets = (
				67DDF0A01CED4AB100742F7C /* CircleSliderDemo */,
			);
		};
/* End PBXProject section */

/* Begin PBXResourcesBuildPhase section */
		67DDF09F1CED4AB100742F7C /* Resources */ = {
			isa = PBXResourcesBuildPhase;
			buildActionMask = 2147483647;
			files = (
				67DDF0AF1CED4AB200742F7C /* LaunchScreen.storyboard in Resources */,
				67DDF0AC1CED4AB200742F7C /* Assets.xcassets in Resources */,
			);
			runOnlyForDeploymentPostprocessing = 0;
		};
/* End PBXResourcesBuildPhase section */

/* Begin PBXSourcesBuildPhase section */
		67DDF09D1CED4AB100742F7C /* Sources */ = {
			isa = PBXSourcesBuildPhase;
			buildActionMask = 2147483647;
			files = (
				67DDF0B71CED4B7E00742F7C /* CircleSlider.swift in Sources */,
				67DDF0A71CED4AB200742F7C /* ViewController.swift in Sources */,
				67DDF0A51CED4AB200742F7C /* AppDelegate.swift in Sources */,
			);
			runOnlyForDeploymentPostprocessing = 0;
		};
/* End PBXSourcesBuildPhase section */

/* Begin PBXVariantGroup section */
		67DDF0AD1CED4AB200742F7C /* LaunchScreen.storyboard */ = {
			isa = PBXVariantGroup;
			children = (
				67DDF0AE1CED4AB200742F7C /* Base */,
			);
			name = LaunchScreen.storyboard;
			sourceTree = "<group>";
		};
/* End PBXVariantGroup section */

/* Begin XCBuildConfiguration section */
		67DDF0B11CED4AB200742F7C /* Debug */ = {
			isa = XCBuildConfiguration;
			buildSettings = {
				ALWAYS_SEARCH_USER_PATHS = NO;
				CLANG_ANALYZER_NONNULL = YES;
				CLANG_CXX_LANGUAGE_STANDARD = "gnu++0x";
				CLANG_CXX_LIBRARY = "libc++";
				CLANG_ENABLE_MODULES = YES;
				CLANG_ENABLE_OBJC_ARC = YES;
				CLANG_WARN_BOOL_CONVERSION = YES;
				CLANG_WARN_CONSTANT_CONVERSION = YES;
				CLANG_WARN_DIRECT_OBJC_ISA_USAGE = YES_ERROR;
				CLANG_WARN_EMPTY_BODY = YES;
				CLANG_WARN_ENUM_CONVERSION = YES;
				CLANG_WARN_INT_CONVERSION = YES;
				CLANG_WARN_OBJC_ROOT_CLASS = YES_ERROR;
				CLANG_WARN_UNREACHABLE_CODE = YES;
				CLANG_WARN__DUPLICATE_METHOD_MATCH = YES;
				"CODE_SIGN_IDENTITY[sdk=iphoneos*]" = "iPhone Developer";
				COPY_PHASE_STRIP = NO;
				DEBUG_INFORMATION_FORMAT = dwarf;
				ENABLE_STRICT_OBJC_MSGSEND = YES;
				ENABLE_TESTABILITY = YES;
				GCC_C_LANGUAGE_STANDARD = gnu99;
				GCC_DYNAMIC_NO_PIC = NO;
				GCC_NO_COMMON_BLOCKS = YES;
				GCC_OPTIMIZATION_LEVEL = 0;
				GCC_PREPROCESSOR_DEFINITIONS = (
					"DEBUG=1",
					"$(inherited)",
				);
				GCC_WARN_64_TO_32_BIT_CONVERSION = YES;
				GCC_WARN_ABOUT_RETURN_TYPE = YES_ERROR;
				GCC_WARN_UNDECLARED_SELECTOR = YES;
				GCC_WARN_UNINITIALIZED_AUTOS = YES_AGGRESSIVE;
				GCC_WARN_UNUSED_FUNCTION = YES;
				GCC_WARN_UNUSED_VARIABLE = YES;
				IPHONEOS_DEPLOYMENT_TARGET = 9.3;
				MTL_ENABLE_DEBUG_INFO = YES;
				ONLY_ACTIVE_ARCH = YES;
				SDKROOT = iphoneos;
				SWIFT_OPTIMIZATION_LEVEL = "-Onone";
				TARGETED_DEVICE_FAMILY = "1,2";
			};
			name = Debug;
		};
		67DDF0B21CED4AB200742F7C /* Release */ = {
			isa = XCBuildConfiguration;
			buildSettings = {
				ALWAYS_SEARCH_USER_PATHS = NO;
				CLANG_ANALYZER_NONNULL = YES;
				CLANG_CXX_LANGUAGE_STANDARD = "gnu++0x";
				CLANG_CXX_LIBRARY = "libc++";
				CLANG_ENABLE_MODULES = YES;
				CLANG_ENABLE_OBJC_ARC = YES;
				CLANG_WARN_BOOL_CONVERSION = YES;
				CLANG_WARN_CONSTANT_CONVERSION = YES;
				CLANG_WARN_DIRECT_OBJC_ISA_USAGE = YES_ERROR;
				CLANG_WARN_EMPTY_BODY = YES;
				CLANG_WARN_ENUM_CONVERSION = YES;
				CLANG_WARN_INT_CONVERSION = YES;
				CLANG_WARN_OBJC_ROOT_CLASS = YES_ERROR;
				CLANG_WARN_UNREACHABLE_CODE = YES;
				CLANG_WARN__DUPLICATE_METHOD_MATCH = YES;
				"CODE_SIGN_IDENTITY[sdk=iphoneos*]" = "iPhone Developer";
				COPY_PHASE_STRIP = NO;
				DEBUG_INFORMATION_FORMAT = "dwarf-with-dsym";
				ENABLE_NS_ASSERTIONS = NO;
				ENABLE_STRICT_OBJC_MSGSEND = YES;
				GCC_C_LANGUAGE_STANDARD = gnu99;
				GCC_NO_COMMON_BLOCKS = YES;
				GCC_WARN_64_TO_32_BIT_CONVERSION = YES;
				GCC_WARN_ABOUT_RETURN_TYPE = YES_ERROR;
				GCC_WARN_UNDECLARED_SELECTOR = YES;
				GCC_WARN_UNINITIALIZED_AUTOS = YES_AGGRESSIVE;
				GCC_WARN_UNUSED_FUNCTION = YES;
				GCC_WARN_UNUSED_VARIABLE = YES;
				IPHONEOS_DEPLOYMENT_TARGET = 9.3;
				MTL_ENABLE_DEBUG_INFO = NO;
				SDKROOT = iphoneos;
				TARGETED_DEVICE_FAMILY = "1,2";
				VALIDATE_PRODUCT = YES;
			};
			name = Release;
		};
		67DDF0B41CED4AB200742F7C /* Debug */ = {
			isa = XCBuildConfiguration;
			buildSettings = {
				ASSETCATALOG_COMPILER_APPICON_NAME = AppIcon;
				INFOPLIST_FILE = CircleSliderDemo/Info.plist;
				LD_RUNPATH_SEARCH_PATHS = "$(inherited) @executable_path/Frameworks";
				PRODUCT_BUNDLE_IDENTIFIER = com.nichrago.CircleSliderDemo;
				PRODUCT_NAME = "$(TARGET_NAME)";
			};
			name = Debug;
		};
		67DDF0B51CED4AB200742F7C /* Release */ = {
			isa = XCBuildConfiguration;
			buildSettings = {
				ASSETCATALOG_COMPILER_APPICON_NAME = AppIcon;
				INFOPLIST_FILE = CircleSliderDemo/Info.plist;
				LD_RUNPATH_SEARCH_PATHS = "$(inherited) @executable_path/Frameworks";
				PRODUCT_BUNDLE_IDENTIFIER = com.nichrago.CircleSliderDemo;
				PRODUCT_NAME = "$(TARGET_NAME)";
			};
			name = Release;
		};
/* End XCBuildConfiguration section */

/* Begin XCConfigurationList section */
		67DDF09C1CED4AB100742F7C /* Build configuration list for PBXProject "CircleSliderDemo" */ = {
			isa = XCConfigurationList;
			buildConfigurations = (
				67DDF0B11CED4AB200742F7C /* Debug */,
				67DDF0B21CED4AB200742F7C /* Release */,
			);
			defaultConfigurationIsVisible = 0;
			defaultConfigurationName = Release;
		};
		67DDF0B31CED4AB200742F7C /* Build configuration list for PBXNativeTarget "CircleSliderDemo" */ = {
			isa = XCConfigurationList;
			buildConfigurations = (
				67DDF0B41CED4AB200742F7C /* Debug */,
				67DDF0B51CED4AB200742F7C /* Release */,
			);
			defaultConfigurationIsVisible = 0;
		};
/* End XCConfigurationList section */
	};
	rootObject = 67DDF0991CED4AB100742F7C /* Project object */;
}
